// !$*UTF8*$!
{
	archiveVersion = 1;
	classes = {
	};
	objectVersion = 46;
	objects = {

/* Begin PBXAggregateTarget section */
		49F0465A1D238228005EE299 /* SemVerIntegrations */ = {
			isa = PBXAggregateTarget;
			buildConfigurationList = 49F0465B1D238228005EE299 /* Build configuration list for PBXAggregateTarget "SemVerIntegrations" */;
			buildPhases = (
				49F046601D238235005EE299 /* ShellScript */,
			);
			dependencies = (
				49F0465F1D238231005EE299 /* PBXTargetDependency */,
			);
			name = SemVerIntegrations;
			productName = semverTests;
		};
/* End PBXAggregateTarget section */

/* Begin PBXBuildFile section */
		49A0F2781D20D7F3007C41AE /* AppDelegate.m in Sources */ = {isa = PBXBuildFile; fileRef = 49A0F2771D20D7F3007C41AE /* AppDelegate.m */; };
		49A0F27B1D20D7F3007C41AE /* main.m in Sources */ = {isa = PBXBuildFile; fileRef = 49A0F27A1D20D7F3007C41AE /* main.m */; };
		49A0F27E1D20D7F3007C41AE /* ViewController.m in Sources */ = {isa = PBXBuildFile; fileRef = 49A0F27D1D20D7F3007C41AE /* ViewController.m */; };
		49A0F2801D20D7F3007C41AE /* Assets.xcassets in Resources */ = {isa = PBXBuildFile; fileRef = 49A0F27F1D20D7F3007C41AE /* Assets.xcassets */; };
		49A0F2831D20D7F4007C41AE /* Main.storyboard in Resources */ = {isa = PBXBuildFile; fileRef = 49A0F2811D20D7F4007C41AE /* Main.storyboard */; };
		49A0F29F1D20D808007C41AE /* main.swift in Sources */ = {isa = PBXBuildFile; fileRef = 49A0F29E1D20D808007C41AE /* main.swift */; };
		49A0F35A1D20DF56007C41AE /* Functions.swift in Sources */ = {isa = PBXBuildFile; fileRef = 49A0F3591D20DF56007C41AE /* Functions.swift */; };
		49A0F3601D20E48F007C41AE /* SemVerVersions.m in Sources */ = {isa = PBXBuildFile; fileRef = 49A0F35F1D20E48F007C41AE /* SemVerVersions.m */; };
		49A0F3631D20EE59007C41AE /* CLIDefinitions.swift in Sources */ = {isa = PBXBuildFile; fileRef = 49A0F3621D20EE59007C41AE /* CLIDefinitions.swift */; };
		49A0F3851D20FE97007C41AE /* Agree.swift in Sources */ = {isa = PBXBuildFile; fileRef = 49A0F3691D20FE97007C41AE /* Agree.swift */; };
		49A0F3861D20FE97007C41AE /* AgreeSettings.swift in Sources */ = {isa = PBXBuildFile; fileRef = 49A0F36A1D20FE97007C41AE /* AgreeSettings.swift */; };
		49A0F3871D20FE97007C41AE /* ArgConvertible.swift in Sources */ = {isa = PBXBuildFile; fileRef = 49A0F36B1D20FE97007C41AE /* ArgConvertible.swift */; };
		49A0F3881D20FE97007C41AE /* Args.swift in Sources */ = {isa = PBXBuildFile; fileRef = 49A0F36C1D20FE97007C41AE /* Args.swift */; };
		49A0F3891D20FE97007C41AE /* ArgsParser.swift in Sources */ = {isa = PBXBuildFile; fileRef = 49A0F36D1D20FE97007C41AE /* ArgsParser.swift */; };
		49A0F38A1D20FE97007C41AE /* Argument.swift in Sources */ = {isa = PBXBuildFile; fileRef = 49A0F36E1D20FE97007C41AE /* Argument.swift */; };
		49A0F38B1D20FE97007C41AE /* Ask.swift in Sources */ = {isa = PBXBuildFile; fileRef = 49A0F36F1D20FE97007C41AE /* Ask.swift */; };
		49A0F38C1D20FE97007C41AE /* AskerValidator.swift in Sources */ = {isa = PBXBuildFile; fileRef = 49A0F3701D20FE97007C41AE /* AskerValidator.swift */; };
		49A0F38D1D20FE97007C41AE /* AskSettings.swift in Sources */ = {isa = PBXBuildFile; fileRef = 49A0F3711D20FE97007C41AE /* AskSettings.swift */; };
		49A0F38E1D20FE97007C41AE /* Choose.swift in Sources */ = {isa = PBXBuildFile; fileRef = 49A0F3721D20FE97007C41AE /* Choose.swift */; };
		49A0F38F1D20FE97007C41AE /* ChooseSettings.swift in Sources */ = {isa = PBXBuildFile; fileRef = 49A0F3731D20FE97007C41AE /* ChooseSettings.swift */; };
		49A0F3901D20FE97007C41AE /* Colorizer.swift in Sources */ = {isa = PBXBuildFile; fileRef = 49A0F3741D20FE97007C41AE /* Colorizer.swift */; };
		49A0F3911D20FE97007C41AE /* CommandExecutor.swift in Sources */ = {isa = PBXBuildFile; fileRef = 49A0F3751D20FE97007C41AE /* CommandExecutor.swift */; };
		49A0F3921D20FE97007C41AE /* Env.swift in Sources */ = {isa = PBXBuildFile; fileRef = 49A0F3761D20FE97007C41AE /* Env.swift */; };
		49A0F3931D20FE97007C41AE /* Glob.swift in Sources */ = {isa = PBXBuildFile; fileRef = 49A0F3771D20FE97007C41AE /* Glob.swift */; };
		49A0F3941D20FE97007C41AE /* ProcessInfo.swift in Sources */ = {isa = PBXBuildFile; fileRef = 49A0F3781D20FE97007C41AE /* ProcessInfo.swift */; };
		49A0F3951D20FE97007C41AE /* PromptPrinter.swift in Sources */ = {isa = PBXBuildFile; fileRef = 49A0F3791D20FE97007C41AE /* PromptPrinter.swift */; };
		49A0F3961D20FE97007C41AE /* PromptReader.swift in Sources */ = {isa = PBXBuildFile; fileRef = 49A0F37A1D20FE97007C41AE /* PromptReader.swift */; };
		49A0F3971D20FE97007C41AE /* PromptSettings.swift in Sources */ = {isa = PBXBuildFile; fileRef = 49A0F37B1D20FE97007C41AE /* PromptSettings.swift */; };
		49A0F3981D20FE97007C41AE /* Runner.swift in Sources */ = {isa = PBXBuildFile; fileRef = 49A0F37C1D20FE97007C41AE /* Runner.swift */; };
		49A0F3991D20FE97007C41AE /* RunnerSettings.swift in Sources */ = {isa = PBXBuildFile; fileRef = 49A0F37D1D20FE97007C41AE /* RunnerSettings.swift */; };
		49A0F39A1D20FE97007C41AE /* RunResults.swift in Sources */ = {isa = PBXBuildFile; fileRef = 49A0F37E1D20FE97007C41AE /* RunResults.swift */; };
		49A0F39B1D20FE97007C41AE /* ShortHandRunner.swift in Sources */ = {isa = PBXBuildFile; fileRef = 49A0F37F1D20FE97007C41AE /* ShortHandRunner.swift */; };
		49A0F39C1D20FE97007C41AE /* StringBackgroundColorizer.swift in Sources */ = {isa = PBXBuildFile; fileRef = 49A0F3801D20FE97007C41AE /* StringBackgroundColorizer.swift */; };
		49A0F39D1D20FE97007C41AE /* StringForegroundColorizer.swift in Sources */ = {isa = PBXBuildFile; fileRef = 49A0F3811D20FE97007C41AE /* StringForegroundColorizer.swift */; };
		49A0F39E1D20FE97007C41AE /* StringStyle.swift in Sources */ = {isa = PBXBuildFile; fileRef = 49A0F3821D20FE97007C41AE /* StringStyle.swift */; };
		49A0F39F1D20FE97007C41AE /* StringStyleColorizer.swift in Sources */ = {isa = PBXBuildFile; fileRef = 49A0F3831D20FE97007C41AE /* StringStyleColorizer.swift */; };
		49A0F3A01D20FE97007C41AE /* TaskPipe.swift in Sources */ = {isa = PBXBuildFile; fileRef = 49A0F3841D20FE97007C41AE /* TaskPipe.swift */; };
		49DDBDA21D22403600CF32BA /* SemVerTests.swift in Sources */ = {isa = PBXBuildFile; fileRef = 49DDBDA11D22403600CF32BA /* SemVerTests.swift */; };
		49DDBDA91D22407B00CF32BA /* SharedFunctions.swift in Sources */ = {isa = PBXBuildFile; fileRef = 49DDBCE51D22207C00CF32BA /* SharedFunctions.swift */; };
		49DDBDAA1D22407B00CF32BA /* SharedDefinitions.swift in Sources */ = {isa = PBXBuildFile; fileRef = 49DDBD4D1D22233D00CF32BA /* SharedDefinitions.swift */; };
		49EF1D241D24AF7A0068AC4F /* NumericVersion.swift in Sources */ = {isa = PBXBuildFile; fileRef = 49EF1D221D24AF750068AC4F /* NumericVersion.swift */; };
		49EF1D2B1D2C8CF10068AC4F /* Version.swift in Sources */ = {isa = PBXBuildFile; fileRef = 49EF1D291D2C8B5A0068AC4F /* Version.swift */; };
		49EF1D2E1D2E0B280068AC4F /* SharedFunctions.swift in Sources */ = {isa = PBXBuildFile; fileRef = 49DDBCE51D22207C00CF32BA /* SharedFunctions.swift */; };
		49EF1D2F1D2E0B280068AC4F /* SharedDefinitions.swift in Sources */ = {isa = PBXBuildFile; fileRef = 49DDBD4D1D22233D00CF32BA /* SharedDefinitions.swift */; };
		49EF1D301D2E0B280068AC4F /* File.swift in Sources */ = {isa = PBXBuildFile; fileRef = 49F0462F1D235DE3005EE299 /* File.swift */; };
		49EF1D311D2E0B280068AC4F /* SemanticVersion.swift in Sources */ = {isa = PBXBuildFile; fileRef = 49F046321D235E30005EE299 /* SemanticVersion.swift */; };
		49EF1D321D2E0B280068AC4F /* NumericVersion.swift in Sources */ = {isa = PBXBuildFile; fileRef = 49EF1D221D24AF750068AC4F /* NumericVersion.swift */; };
		49EF1D331D2E0B280068AC4F /* Version.swift in Sources */ = {isa = PBXBuildFile; fileRef = 49EF1D291D2C8B5A0068AC4F /* Version.swift */; };
		49EF1D351D2E0B740068AC4F /* ErrorCodes.swift in Sources */ = {isa = PBXBuildFile; fileRef = 49EF1D341D2E0B740068AC4F /* ErrorCodes.swift */; };
		49EF1D361D2E0B7D0068AC4F /* ErrorCodes.swift in Sources */ = {isa = PBXBuildFile; fileRef = 49EF1D341D2E0B740068AC4F /* ErrorCodes.swift */; };
		49EF1D371D2E0B8C0068AC4F /* ErrorCodes.swift in Sources */ = {isa = PBXBuildFile; fileRef = 49EF1D341D2E0B740068AC4F /* ErrorCodes.swift */; };
		49EF1D381D2E0B920068AC4F /* SharedFunctions.swift in Sources */ = {isa = PBXBuildFile; fileRef = 49DDBCE51D22207C00CF32BA /* SharedFunctions.swift */; };
		49EF1D391D2E0B920068AC4F /* SharedDefinitions.swift in Sources */ = {isa = PBXBuildFile; fileRef = 49DDBD4D1D22233D00CF32BA /* SharedDefinitions.swift */; };
		49EF1D3A1D2E0B920068AC4F /* File.swift in Sources */ = {isa = PBXBuildFile; fileRef = 49F0462F1D235DE3005EE299 /* File.swift */; };
		49EF1D3B1D2E0B920068AC4F /* SemanticVersion.swift in Sources */ = {isa = PBXBuildFile; fileRef = 49F046321D235E30005EE299 /* SemanticVersion.swift */; };
		49EF1D3C1D2E0B920068AC4F /* NumericVersion.swift in Sources */ = {isa = PBXBuildFile; fileRef = 49EF1D221D24AF750068AC4F /* NumericVersion.swift */; };
		49EF1D3D1D2E0B920068AC4F /* Version.swift in Sources */ = {isa = PBXBuildFile; fileRef = 49EF1D291D2C8B5A0068AC4F /* Version.swift */; };
		49F046311D235E02005EE299 /* File.swift in Sources */ = {isa = PBXBuildFile; fileRef = 49F0462F1D235DE3005EE299 /* File.swift */; };
		49F046341D235E3C005EE299 /* SemanticVersion.swift in Sources */ = {isa = PBXBuildFile; fileRef = 49F046321D235E30005EE299 /* SemanticVersion.swift */; };
/* End PBXBuildFile section */

/* Begin PBXContainerItemProxy section */
		49DDBDA41D22403600CF32BA /* PBXContainerItemProxy */ = {
			isa = PBXContainerItemProxy;
			containerPortal = 49A0F26B1D20D7F3007C41AE /* Project object */;
			proxyType = 1;
			remoteGlobalIDString = 49A0F2721D20D7F3007C41AE;
			remoteInfo = SemVer.app;
		};
		49EF1D401D2E0EE10068AC4F /* PBXContainerItemProxy */ = {
			isa = PBXContainerItemProxy;
			containerPortal = 49A0F26B1D20D7F3007C41AE /* Project object */;
			proxyType = 1;
			remoteGlobalIDString = 49A0F29B1D20D808007C41AE;
			remoteInfo = semver;
		};
/* End PBXContainerItemProxy section */

/* Begin PBXCopyFilesBuildPhase section */
		49DDBCE31D22206C00CF32BA /* Embed Frameworks */ = {
			isa = PBXCopyFilesBuildPhase;
			buildActionMask = 2147483647;
			dstPath = "";
			dstSubfolderSpec = 10;
			files = (
			);
			name = "Embed Frameworks";
			runOnlyForDeploymentPostprocessing = 0;
		};
/* End PBXCopyFilesBuildPhase section */

/* Begin PBXFileReference section */
		49A0F2731D20D7F3007C41AE /* SemVer.app */ = {isa = PBXFileReference; explicitFileType = wrapper.application; includeInIndex = 0; path = SemVer.app; sourceTree = BUILT_PRODUCTS_DIR; };
		49A0F2761D20D7F3007C41AE /* AppDelegate.h */ = {isa = PBXFileReference; lastKnownFileType = sourcecode.c.h; path = AppDelegate.h; sourceTree = "<group>"; };
		49A0F2771D20D7F3007C41AE /* AppDelegate.m */ = {isa = PBXFileReference; lastKnownFileType = sourcecode.c.objc; path = AppDelegate.m; sourceTree = "<group>"; };
		49A0F27A1D20D7F3007C41AE /* main.m */ = {isa = PBXFileReference; lastKnownFileType = sourcecode.c.objc; path = main.m; sourceTree = "<group>"; };
		49A0F27C1D20D7F3007C41AE /* ViewController.h */ = {isa = PBXFileReference; lastKnownFileType = sourcecode.c.h; path = ViewController.h; sourceTree = "<group>"; };
		49A0F27D1D20D7F3007C41AE /* ViewController.m */ = {isa = PBXFileReference; lastKnownFileType = sourcecode.c.objc; path = ViewController.m; sourceTree = "<group>"; };
		49A0F27F1D20D7F3007C41AE /* Assets.xcassets */ = {isa = PBXFileReference; lastKnownFileType = folder.assetcatalog; path = Assets.xcassets; sourceTree = "<group>"; };
		49A0F2821D20D7F4007C41AE /* Base */ = {isa = PBXFileReference; lastKnownFileType = file.storyboard; name = Base; path = Base.lproj/Main.storyboard; sourceTree = "<group>"; };
		49A0F2841D20D7F4007C41AE /* Info.plist */ = {isa = PBXFileReference; lastKnownFileType = text.plist.xml; path = Info.plist; sourceTree = "<group>"; };
		49A0F29C1D20D808007C41AE /* semver */ = {isa = PBXFileReference; explicitFileType = "compiled.mach-o.executable"; includeInIndex = 0; path = semver; sourceTree = BUILT_PRODUCTS_DIR; };
		49A0F29E1D20D808007C41AE /* main.swift */ = {isa = PBXFileReference; lastKnownFileType = sourcecode.swift; path = main.swift; sourceTree = "<group>"; };
		49A0F3591D20DF56007C41AE /* Functions.swift */ = {isa = PBXFileReference; fileEncoding = 4; lastKnownFileType = sourcecode.swift; path = Functions.swift; sourceTree = "<group>"; };
		49A0F35D1D20E48E007C41AE /* semver-Bridging-Header.h */ = {isa = PBXFileReference; lastKnownFileType = sourcecode.c.h; path = "semver-Bridging-Header.h"; sourceTree = "<group>"; };
		49A0F35E1D20E48F007C41AE /* SemVerVersions.h */ = {isa = PBXFileReference; fileEncoding = 4; lastKnownFileType = sourcecode.c.h; path = SemVerVersions.h; sourceTree = "<group>"; };
		49A0F35F1D20E48F007C41AE /* SemVerVersions.m */ = {isa = PBXFileReference; fileEncoding = 4; lastKnownFileType = sourcecode.c.objc; path = SemVerVersions.m; sourceTree = "<group>"; };
		49A0F3621D20EE59007C41AE /* CLIDefinitions.swift */ = {isa = PBXFileReference; fileEncoding = 4; lastKnownFileType = sourcecode.swift; path = CLIDefinitions.swift; sourceTree = "<group>"; };
		49A0F3641D20F8DD007C41AE /* SemVer.app-Bridging-Header.h */ = {isa = PBXFileReference; lastKnownFileType = sourcecode.c.h; name = "SemVer.app-Bridging-Header.h"; path = "SemVer-app/SemVer.app-Bridging-Header.h"; sourceTree = SOURCE_ROOT; };
		49A0F3691D20FE97007C41AE /* Agree.swift */ = {isa = PBXFileReference; fileEncoding = 4; lastKnownFileType = sourcecode.swift; name = Agree.swift; path = Swiftline/Source/Agree.swift; sourceTree = "<group>"; };
		49A0F36A1D20FE97007C41AE /* AgreeSettings.swift */ = {isa = PBXFileReference; fileEncoding = 4; lastKnownFileType = sourcecode.swift; name = AgreeSettings.swift; path = Swiftline/Source/AgreeSettings.swift; sourceTree = "<group>"; };
		49A0F36B1D20FE97007C41AE /* ArgConvertible.swift */ = {isa = PBXFileReference; fileEncoding = 4; lastKnownFileType = sourcecode.swift; name = ArgConvertible.swift; path = Swiftline/Source/ArgConvertible.swift; sourceTree = "<group>"; };
		49A0F36C1D20FE97007C41AE /* Args.swift */ = {isa = PBXFileReference; fileEncoding = 4; lastKnownFileType = sourcecode.swift; name = Args.swift; path = Swiftline/Source/Args.swift; sourceTree = "<group>"; };
		49A0F36D1D20FE97007C41AE /* ArgsParser.swift */ = {isa = PBXFileReference; fileEncoding = 4; lastKnownFileType = sourcecode.swift; name = ArgsParser.swift; path = Swiftline/Source/ArgsParser.swift; sourceTree = "<group>"; };
		49A0F36E1D20FE97007C41AE /* Argument.swift */ = {isa = PBXFileReference; fileEncoding = 4; lastKnownFileType = sourcecode.swift; name = Argument.swift; path = Swiftline/Source/Argument.swift; sourceTree = "<group>"; };
		49A0F36F1D20FE97007C41AE /* Ask.swift */ = {isa = PBXFileReference; fileEncoding = 4; lastKnownFileType = sourcecode.swift; name = Ask.swift; path = Swiftline/Source/Ask.swift; sourceTree = "<group>"; };
		49A0F3701D20FE97007C41AE /* AskerValidator.swift */ = {isa = PBXFileReference; fileEncoding = 4; lastKnownFileType = sourcecode.swift; name = AskerValidator.swift; path = Swiftline/Source/AskerValidator.swift; sourceTree = "<group>"; };
		49A0F3711D20FE97007C41AE /* AskSettings.swift */ = {isa = PBXFileReference; fileEncoding = 4; lastKnownFileType = sourcecode.swift; name = AskSettings.swift; path = Swiftline/Source/AskSettings.swift; sourceTree = "<group>"; };
		49A0F3721D20FE97007C41AE /* Choose.swift */ = {isa = PBXFileReference; fileEncoding = 4; lastKnownFileType = sourcecode.swift; name = Choose.swift; path = Swiftline/Source/Choose.swift; sourceTree = "<group>"; };
		49A0F3731D20FE97007C41AE /* ChooseSettings.swift */ = {isa = PBXFileReference; fileEncoding = 4; lastKnownFileType = sourcecode.swift; name = ChooseSettings.swift; path = Swiftline/Source/ChooseSettings.swift; sourceTree = "<group>"; };
		49A0F3741D20FE97007C41AE /* Colorizer.swift */ = {isa = PBXFileReference; fileEncoding = 4; lastKnownFileType = sourcecode.swift; name = Colorizer.swift; path = Swiftline/Source/Colorizer.swift; sourceTree = "<group>"; };
		49A0F3751D20FE97007C41AE /* CommandExecutor.swift */ = {isa = PBXFileReference; fileEncoding = 4; lastKnownFileType = sourcecode.swift; name = CommandExecutor.swift; path = Swiftline/Source/CommandExecutor.swift; sourceTree = "<group>"; };
		49A0F3761D20FE97007C41AE /* Env.swift */ = {isa = PBXFileReference; fileEncoding = 4; lastKnownFileType = sourcecode.swift; name = Env.swift; path = Swiftline/Source/Env.swift; sourceTree = "<group>"; };
		49A0F3771D20FE97007C41AE /* Glob.swift */ = {isa = PBXFileReference; fileEncoding = 4; lastKnownFileType = sourcecode.swift; name = Glob.swift; path = Swiftline/Source/Glob.swift; sourceTree = "<group>"; };
		49A0F3781D20FE97007C41AE /* ProcessInfo.swift */ = {isa = PBXFileReference; fileEncoding = 4; lastKnownFileType = sourcecode.swift; name = ProcessInfo.swift; path = Swiftline/Source/ProcessInfo.swift; sourceTree = "<group>"; };
		49A0F3791D20FE97007C41AE /* PromptPrinter.swift */ = {isa = PBXFileReference; fileEncoding = 4; lastKnownFileType = sourcecode.swift; name = PromptPrinter.swift; path = Swiftline/Source/PromptPrinter.swift; sourceTree = "<group>"; };
		49A0F37A1D20FE97007C41AE /* PromptReader.swift */ = {isa = PBXFileReference; fileEncoding = 4; lastKnownFileType = sourcecode.swift; name = PromptReader.swift; path = Swiftline/Source/PromptReader.swift; sourceTree = "<group>"; };
		49A0F37B1D20FE97007C41AE /* PromptSettings.swift */ = {isa = PBXFileReference; fileEncoding = 4; lastKnownFileType = sourcecode.swift; name = PromptSettings.swift; path = Swiftline/Source/PromptSettings.swift; sourceTree = "<group>"; };
		49A0F37C1D20FE97007C41AE /* Runner.swift */ = {isa = PBXFileReference; fileEncoding = 4; lastKnownFileType = sourcecode.swift; name = Runner.swift; path = Swiftline/Source/Runner.swift; sourceTree = "<group>"; };
		49A0F37D1D20FE97007C41AE /* RunnerSettings.swift */ = {isa = PBXFileReference; fileEncoding = 4; lastKnownFileType = sourcecode.swift; name = RunnerSettings.swift; path = Swiftline/Source/RunnerSettings.swift; sourceTree = "<group>"; };
		49A0F37E1D20FE97007C41AE /* RunResults.swift */ = {isa = PBXFileReference; fileEncoding = 4; lastKnownFileType = sourcecode.swift; name = RunResults.swift; path = Swiftline/Source/RunResults.swift; sourceTree = "<group>"; };
		49A0F37F1D20FE97007C41AE /* ShortHandRunner.swift */ = {isa = PBXFileReference; fileEncoding = 4; lastKnownFileType = sourcecode.swift; name = ShortHandRunner.swift; path = Swiftline/Source/ShortHandRunner.swift; sourceTree = "<group>"; };
		49A0F3801D20FE97007C41AE /* StringBackgroundColorizer.swift */ = {isa = PBXFileReference; fileEncoding = 4; lastKnownFileType = sourcecode.swift; name = StringBackgroundColorizer.swift; path = Swiftline/Source/StringBackgroundColorizer.swift; sourceTree = "<group>"; };
		49A0F3811D20FE97007C41AE /* StringForegroundColorizer.swift */ = {isa = PBXFileReference; fileEncoding = 4; lastKnownFileType = sourcecode.swift; name = StringForegroundColorizer.swift; path = Swiftline/Source/StringForegroundColorizer.swift; sourceTree = "<group>"; };
		49A0F3821D20FE97007C41AE /* StringStyle.swift */ = {isa = PBXFileReference; fileEncoding = 4; lastKnownFileType = sourcecode.swift; name = StringStyle.swift; path = Swiftline/Source/StringStyle.swift; sourceTree = "<group>"; };
		49A0F3831D20FE97007C41AE /* StringStyleColorizer.swift */ = {isa = PBXFileReference; fileEncoding = 4; lastKnownFileType = sourcecode.swift; name = StringStyleColorizer.swift; path = Swiftline/Source/StringStyleColorizer.swift; sourceTree = "<group>"; };
		49A0F3841D20FE97007C41AE /* TaskPipe.swift */ = {isa = PBXFileReference; fileEncoding = 4; lastKnownFileType = sourcecode.swift; name = TaskPipe.swift; path = Swiftline/Source/TaskPipe.swift; sourceTree = "<group>"; };
		49DDBCE51D22207C00CF32BA /* SharedFunctions.swift */ = {isa = PBXFileReference; fileEncoding = 4; lastKnownFileType = sourcecode.swift; name = SharedFunctions.swift; path = Shared/SharedFunctions.swift; sourceTree = "<group>"; };
		49DDBD321D22213400CF32BA /* Sample.plist */ = {isa = PBXFileReference; fileEncoding = 4; lastKnownFileType = text.plist.xml; path = Sample.plist; sourceTree = "<group>"; };
		49DDBD331D22213400CF32BA /* Sample.xcconfig */ = {isa = PBXFileReference; fileEncoding = 4; lastKnownFileType = text.xcconfig; path = Sample.xcconfig; sourceTree = "<group>"; };
		49DDBD4D1D22233D00CF32BA /* SharedDefinitions.swift */ = {isa = PBXFileReference; fileEncoding = 4; lastKnownFileType = sourcecode.swift; name = SharedDefinitions.swift; path = Shared/SharedDefinitions.swift; sourceTree = "<group>"; };
		49DDBD991D223F0B00CF32BA /* AppKit.framework */ = {isa = PBXFileReference; lastKnownFileType = wrapper.framework; name = AppKit.framework; path = System/Library/Frameworks/AppKit.framework; sourceTree = SDKROOT; };
		49DDBD9F1D22403600CF32BA /* SemVerTests.xctest */ = {isa = PBXFileReference; explicitFileType = wrapper.cfbundle; includeInIndex = 0; path = SemVerTests.xctest; sourceTree = BUILT_PRODUCTS_DIR; };
		49DDBDA11D22403600CF32BA /* SemVerTests.swift */ = {isa = PBXFileReference; lastKnownFileType = sourcecode.swift; path = SemVerTests.swift; sourceTree = "<group>"; };
		49DDBDA31D22403600CF32BA /* Info.plist */ = {isa = PBXFileReference; lastKnownFileType = text.plist.xml; path = Info.plist; sourceTree = "<group>"; };
		49EF1D221D24AF750068AC4F /* NumericVersion.swift */ = {isa = PBXFileReference; fileEncoding = 4; lastKnownFileType = sourcecode.swift; name = NumericVersion.swift; path = Shared/NumericVersion.swift; sourceTree = "<group>"; };
		49EF1D251D2601420068AC4F /* Project.xcconfig */ = {isa = PBXFileReference; lastKnownFileType = text.xcconfig; name = Project.xcconfig; path = Config/Project.xcconfig; sourceTree = "<group>"; };
		49EF1D261D2601C90068AC4F /* FABConfig */ = {isa = PBXFileReference; lastKnownFileType = folder; path = FABConfig; sourceTree = "<group>"; };
		49EF1D281D2601EC0068AC4F /* semver.xcconfig */ = {isa = PBXFileReference; lastKnownFileType = text.xcconfig; name = semver.xcconfig; path = Config/semver.xcconfig; sourceTree = "<group>"; };
		49EF1D291D2C8B5A0068AC4F /* Version.swift */ = {isa = PBXFileReference; fileEncoding = 4; lastKnownFileType = sourcecode.swift; path = Version.swift; sourceTree = "<group>"; };
		49EF1D341D2E0B740068AC4F /* ErrorCodes.swift */ = {isa = PBXFileReference; fileEncoding = 4; lastKnownFileType = sourcecode.swift; path = ErrorCodes.swift; sourceTree = "<group>"; };
		49F0462F1D235DE3005EE299 /* File.swift */ = {isa = PBXFileReference; fileEncoding = 4; lastKnownFileType = sourcecode.swift; name = File.swift; path = Shared/File.swift; sourceTree = "<group>"; };
		49F046321D235E30005EE299 /* SemanticVersion.swift */ = {isa = PBXFileReference; fileEncoding = 4; lastKnownFileType = sourcecode.swift; name = SemanticVersion.swift; path = Shared/SemanticVersion.swift; sourceTree = "<group>"; };
		49F046611D238253005EE299 /* SemVerIntegrations.sh */ = {isa = PBXFileReference; lastKnownFileType = text.script.sh; path = SemVerIntegrations.sh; sourceTree = "<group>"; };
/* End PBXFileReference section */

/* Begin PBXFrameworksBuildPhase section */
		49A0F2701D20D7F3007C41AE /* Frameworks */ = {
			isa = PBXFrameworksBuildPhase;
			buildActionMask = 2147483647;
			files = (
			);
			runOnlyForDeploymentPostprocessing = 0;
		};
		49A0F2991D20D808007C41AE /* Frameworks */ = {
			isa = PBXFrameworksBuildPhase;
			buildActionMask = 2147483647;
			files = (
			);
			runOnlyForDeploymentPostprocessing = 0;
		};
		49DDBD9C1D22403600CF32BA /* Frameworks */ = {
			isa = PBXFrameworksBuildPhase;
			buildActionMask = 2147483647;
			files = (
			);
			runOnlyForDeploymentPostprocessing = 0;
		};
/* End PBXFrameworksBuildPhase section */

/* Begin PBXGroup section */
		49A0F26A1D20D7F3007C41AE = {
			isa = PBXGroup;
			children = (
				49DDBD991D223F0B00CF32BA /* AppKit.framework */,
				49EF1D271D2601CE0068AC4F /* Config */,
				49A0F2741D20D7F3007C41AE /* Products */,
				49A0F29D1D20D808007C41AE /* semver */,
				49A0F2751D20D7F3007C41AE /* SemVer.app */,
				49F046621D2382D1005EE299 /* SemVerIntegrations */,
				49DDBDA01D22403600CF32BA /* SemVerTests */,
				49A0F3611D20E9F2007C41AE /* Shared */,
			);
			sourceTree = "<group>";
		};
		49A0F2741D20D7F3007C41AE /* Products */ = {
			isa = PBXGroup;
			children = (
				49A0F2731D20D7F3007C41AE /* SemVer.app */,
				49A0F29C1D20D808007C41AE /* semver */,
				49DDBD9F1D22403600CF32BA /* SemVerTests.xctest */,
			);
			name = Products;
			sourceTree = "<group>";
		};
		49A0F2751D20D7F3007C41AE /* SemVer.app */ = {
			isa = PBXGroup;
			children = (
				49A0F2761D20D7F3007C41AE /* AppDelegate.h */,
				49A0F27C1D20D7F3007C41AE /* ViewController.h */,
				49A0F2771D20D7F3007C41AE /* AppDelegate.m */,
				49A0F27D1D20D7F3007C41AE /* ViewController.m */,
				49A0F2791D20D7F3007C41AE /* Supporting Files */,
			);
			name = SemVer.app;
			path = "SemVer-app";
			sourceTree = "<group>";
		};
		49A0F2791D20D7F3007C41AE /* Supporting Files */ = {
			isa = PBXGroup;
			children = (
				49A0F27F1D20D7F3007C41AE /* Assets.xcassets */,
				49A0F2841D20D7F4007C41AE /* Info.plist */,
				49A0F27A1D20D7F3007C41AE /* main.m */,
				49A0F2811D20D7F4007C41AE /* Main.storyboard */,
				49A0F3641D20F8DD007C41AE /* SemVer.app-Bridging-Header.h */,
			);
			name = "Supporting Files";
			sourceTree = "<group>";
		};
		49A0F29D1D20D808007C41AE /* semver */ = {
			isa = PBXGroup;
			children = (
				49A0F3621D20EE59007C41AE /* CLIDefinitions.swift */,
				49A0F3591D20DF56007C41AE /* Functions.swift */,
				49A0F29E1D20D808007C41AE /* main.swift */,
				49A0F35D1D20E48E007C41AE /* semver-Bridging-Header.h */,
				49A0F35E1D20E48F007C41AE /* SemVerVersions.h */,
				49A0F35F1D20E48F007C41AE /* SemVerVersions.m */,
				49A0F3681D20FE87007C41AE /* Swiftline */,
			);
			path = semver;
			sourceTree = "<group>";
		};
		49A0F3611D20E9F2007C41AE /* Shared */ = {
			isa = PBXGroup;
			children = (
				49EF1D341D2E0B740068AC4F /* ErrorCodes.swift */,
				49F0462F1D235DE3005EE299 /* File.swift */,
				49EF1D221D24AF750068AC4F /* NumericVersion.swift */,
				49F046321D235E30005EE299 /* SemanticVersion.swift */,
				49DDBD4D1D22233D00CF32BA /* SharedDefinitions.swift */,
				49DDBCE51D22207C00CF32BA /* SharedFunctions.swift */,
				49EF1D291D2C8B5A0068AC4F /* Version.swift */,
			);
			name = Shared;
			sourceTree = "<group>";
		};
		49A0F3681D20FE87007C41AE /* Swiftline */ = {
			isa = PBXGroup;
			children = (
				49A0F3691D20FE97007C41AE /* Agree.swift */,
				49A0F36A1D20FE97007C41AE /* AgreeSettings.swift */,
				49A0F36B1D20FE97007C41AE /* ArgConvertible.swift */,
				49A0F36C1D20FE97007C41AE /* Args.swift */,
				49A0F36D1D20FE97007C41AE /* ArgsParser.swift */,
				49A0F36E1D20FE97007C41AE /* Argument.swift */,
				49A0F36F1D20FE97007C41AE /* Ask.swift */,
				49A0F3701D20FE97007C41AE /* AskerValidator.swift */,
				49A0F3711D20FE97007C41AE /* AskSettings.swift */,
				49A0F3721D20FE97007C41AE /* Choose.swift */,
				49A0F3731D20FE97007C41AE /* ChooseSettings.swift */,
				49A0F3741D20FE97007C41AE /* Colorizer.swift */,
				49A0F3751D20FE97007C41AE /* CommandExecutor.swift */,
				49A0F3761D20FE97007C41AE /* Env.swift */,
				49A0F3771D20FE97007C41AE /* Glob.swift */,
				49A0F3781D20FE97007C41AE /* ProcessInfo.swift */,
				49A0F3791D20FE97007C41AE /* PromptPrinter.swift */,
				49A0F37A1D20FE97007C41AE /* PromptReader.swift */,
				49A0F37B1D20FE97007C41AE /* PromptSettings.swift */,
				49A0F37C1D20FE97007C41AE /* Runner.swift */,
				49A0F37D1D20FE97007C41AE /* RunnerSettings.swift */,
				49A0F37E1D20FE97007C41AE /* RunResults.swift */,
				49A0F37F1D20FE97007C41AE /* ShortHandRunner.swift */,
				49A0F3801D20FE97007C41AE /* StringBackgroundColorizer.swift */,
				49A0F3811D20FE97007C41AE /* StringForegroundColorizer.swift */,
				49A0F3821D20FE97007C41AE /* StringStyle.swift */,
				49A0F3831D20FE97007C41AE /* StringStyleColorizer.swift */,
				49A0F3841D20FE97007C41AE /* TaskPipe.swift */,
			);
			name = Swiftline;
			path = ..;
			sourceTree = "<group>";
		};
		49DDBD211D22213400CF32BA /* Fixtures */ = {
			isa = PBXGroup;
			children = (
				49DDBD321D22213400CF32BA /* Sample.plist */,
				49DDBD331D22213400CF32BA /* Sample.xcconfig */,
			);
			path = Fixtures;
			sourceTree = "<group>";
		};
		49DDBDA01D22403600CF32BA /* SemVerTests */ = {
			isa = PBXGroup;
			children = (
				49DDBDA31D22403600CF32BA /* Info.plist */,
				49DDBDA11D22403600CF32BA /* SemVerTests.swift */,
			);
			path = SemVerTests;
			sourceTree = "<group>";
		};
		49EF1D271D2601CE0068AC4F /* Config */ = {
			isa = PBXGroup;
			children = (
				49EF1D261D2601C90068AC4F /* FABConfig */,
				49EF1D251D2601420068AC4F /* Project.xcconfig */,
				49EF1D281D2601EC0068AC4F /* semver.xcconfig */,
			);
			name = Config;
			sourceTree = "<group>";
		};
		49F046621D2382D1005EE299 /* SemVerIntegrations */ = {
			isa = PBXGroup;
			children = (
				49DDBD211D22213400CF32BA /* Fixtures */,
				49F046611D238253005EE299 /* SemVerIntegrations.sh */,
			);
			path = SemVerIntegrations;
			sourceTree = "<group>";
		};
/* End PBXGroup section */

/* Begin PBXNativeTarget section */
		49A0F2721D20D7F3007C41AE /* SemVer.app */ = {
			isa = PBXNativeTarget;
			buildConfigurationList = 49A0F2921D20D7F4007C41AE /* Build configuration list for PBXNativeTarget "SemVer.app" */;
			buildPhases = (
				49A0F26F1D20D7F3007C41AE /* Sources */,
				49A0F2701D20D7F3007C41AE /* Frameworks */,
				49A0F2711D20D7F3007C41AE /* Resources */,
				49DDBCE31D22206C00CF32BA /* Embed Frameworks */,
			);
			buildRules = (
			);
			dependencies = (
			);
			name = SemVer.app;
			productName = Versionr;
			productReference = 49A0F2731D20D7F3007C41AE /* SemVer.app */;
			productType = "com.apple.product-type.application";
		};
		49A0F29B1D20D808007C41AE /* semver */ = {
			isa = PBXNativeTarget;
			buildConfigurationList = 49A0F2A01D20D808007C41AE /* Build configuration list for PBXNativeTarget "semver" */;
			buildPhases = (
				49A0F2981D20D808007C41AE /* Sources */,
				49A0F2991D20D808007C41AE /* Frameworks */,
			);
			buildRules = (
			);
			dependencies = (
			);
			name = semver;
			productName = VersionrCLI;
			productReference = 49A0F29C1D20D808007C41AE /* semver */;
			productType = "com.apple.product-type.tool";
		};
		49DDBD9E1D22403600CF32BA /* SemVerTests */ = {
			isa = PBXNativeTarget;
			buildConfigurationList = 49DDBDA61D22403600CF32BA /* Build configuration list for PBXNativeTarget "SemVerTests" */;
			buildPhases = (
				49DDBD9B1D22403600CF32BA /* Sources */,
				49DDBD9C1D22403600CF32BA /* Frameworks */,
				49DDBD9D1D22403600CF32BA /* Resources */,
			);
			buildRules = (
			);
			dependencies = (
				49DDBDA51D22403600CF32BA /* PBXTargetDependency */,
			);
			name = SemVerTests;
			productName = semverTests;
			productReference = 49DDBD9F1D22403600CF32BA /* SemVerTests.xctest */;
			productType = "com.apple.product-type.bundle.unit-test";
		};
/* End PBXNativeTarget section */

/* Begin PBXProject section */
		49A0F26B1D20D7F3007C41AE /* Project object */ = {
			isa = PBXProject;
			attributes = {
				LastSwiftUpdateCheck = 0730;
				LastUpgradeCheck = 0730;
				ORGANIZATIONNAME = "Two Ring Software";
				TargetAttributes = {
					49A0F2721D20D7F3007C41AE = {
						CreatedOnToolsVersion = 7.3.1;
					};
					49A0F29B1D20D808007C41AE = {
						CreatedOnToolsVersion = 7.3.1;
					};
					49DDBD9E1D22403600CF32BA = {
						CreatedOnToolsVersion = 7.3.1;
						TestTargetID = 49A0F2721D20D7F3007C41AE;
					};
					49F0465A1D238228005EE299 = {
						CreatedOnToolsVersion = 7.3.1;
					};
				};
			};
			buildConfigurationList = 49A0F26E1D20D7F3007C41AE /* Build configuration list for PBXProject "SemVer" */;
			compatibilityVersion = "Xcode 3.2";
			developmentRegion = English;
			hasScannedForEncodings = 0;
			knownRegions = (
				en,
				Base,
			);
			mainGroup = 49A0F26A1D20D7F3007C41AE;
			productRefGroup = 49A0F2741D20D7F3007C41AE /* Products */;
			projectDirPath = "";
			projectRoot = "";
			targets = (
				49A0F2721D20D7F3007C41AE /* SemVer.app */,
				49A0F29B1D20D808007C41AE /* semver */,
				49DDBD9E1D22403600CF32BA /* SemVerTests */,
				49F0465A1D238228005EE299 /* SemVerIntegrations */,
			);
		};
/* End PBXProject section */

/* Begin PBXResourcesBuildPhase section */
		49A0F2711D20D7F3007C41AE /* Resources */ = {
			isa = PBXResourcesBuildPhase;
			buildActionMask = 2147483647;
			files = (
				49A0F2801D20D7F3007C41AE /* Assets.xcassets in Resources */,
				49A0F2831D20D7F4007C41AE /* Main.storyboard in Resources */,
			);
			runOnlyForDeploymentPostprocessing = 0;
		};
		49DDBD9D1D22403600CF32BA /* Resources */ = {
			isa = PBXResourcesBuildPhase;
			buildActionMask = 2147483647;
			files = (
			);
			runOnlyForDeploymentPostprocessing = 0;
		};
/* End PBXResourcesBuildPhase section */

/* Begin PBXShellScriptBuildPhase section */
		49F046601D238235005EE299 /* ShellScript */ = {
			isa = PBXShellScriptBuildPhase;
			buildActionMask = 2147483647;
			files = (
			);
			inputPaths = (
			);
			outputPaths = (
			);
			runOnlyForDeploymentPostprocessing = 0;
			shellPath = "/bin/sh semverTests/semverTests.sh \"${BUILT_PRODUCTS_DIR}\"";
			shellScript = "";
		};
/* End PBXShellScriptBuildPhase section */

/* Begin PBXSourcesBuildPhase section */
		49A0F26F1D20D7F3007C41AE /* Sources */ = {
			isa = PBXSourcesBuildPhase;
			buildActionMask = 2147483647;
			files = (
				49EF1D321D2E0B280068AC4F /* NumericVersion.swift in Sources */,
				49EF1D331D2E0B280068AC4F /* Version.swift in Sources */,
				49EF1D2F1D2E0B280068AC4F /* SharedDefinitions.swift in Sources */,
				49EF1D301D2E0B280068AC4F /* File.swift in Sources */,
				49EF1D2E1D2E0B280068AC4F /* SharedFunctions.swift in Sources */,
				49A0F27E1D20D7F3007C41AE /* ViewController.m in Sources */,
				49EF1D311D2E0B280068AC4F /* SemanticVersion.swift in Sources */,
				49EF1D351D2E0B740068AC4F /* ErrorCodes.swift in Sources */,
				49A0F27B1D20D7F3007C41AE /* main.m in Sources */,
				49A0F2781D20D7F3007C41AE /* AppDelegate.m in Sources */,
			);
			runOnlyForDeploymentPostprocessing = 0;
		};
		49A0F2981D20D808007C41AE /* Sources */ = {
			isa = PBXSourcesBuildPhase;
			buildActionMask = 2147483647;
			files = (
				49A0F39C1D20FE97007C41AE /* StringBackgroundColorizer.swift in Sources */,
				49A0F3991D20FE97007C41AE /* RunnerSettings.swift in Sources */,
				49A0F3601D20E48F007C41AE /* SemVerVersions.m in Sources */,
				49A0F3921D20FE97007C41AE /* Env.swift in Sources */,
				49A0F39F1D20FE97007C41AE /* StringStyleColorizer.swift in Sources */,
				49A0F3861D20FE97007C41AE /* AgreeSettings.swift in Sources */,
				49A0F38A1D20FE97007C41AE /* Argument.swift in Sources */,
				49EF1D371D2E0B8C0068AC4F /* ErrorCodes.swift in Sources */,
				49A0F39E1D20FE97007C41AE /* StringStyle.swift in Sources */,
				49A0F3851D20FE97007C41AE /* Agree.swift in Sources */,
				49A0F3951D20FE97007C41AE /* PromptPrinter.swift in Sources */,
				49EF1D241D24AF7A0068AC4F /* NumericVersion.swift in Sources */,
				49A0F39B1D20FE97007C41AE /* ShortHandRunner.swift in Sources */,
				49F046341D235E3C005EE299 /* SemanticVersion.swift in Sources */,
				49A0F38C1D20FE97007C41AE /* AskerValidator.swift in Sources */,
				49A0F3901D20FE97007C41AE /* Colorizer.swift in Sources */,
				49A0F39D1D20FE97007C41AE /* StringForegroundColorizer.swift in Sources */,
				49A0F3931D20FE97007C41AE /* Glob.swift in Sources */,
				49A0F29F1D20D808007C41AE /* main.swift in Sources */,
				49A0F3A01D20FE97007C41AE /* TaskPipe.swift in Sources */,
				49A0F38B1D20FE97007C41AE /* Ask.swift in Sources */,
				49A0F38F1D20FE97007C41AE /* ChooseSettings.swift in Sources */,
				49A0F35A1D20DF56007C41AE /* Functions.swift in Sources */,
				49A0F38D1D20FE97007C41AE /* AskSettings.swift in Sources */,
				49A0F3631D20EE59007C41AE /* CLIDefinitions.swift in Sources */,
				49A0F3971D20FE97007C41AE /* PromptSettings.swift in Sources */,
				49A0F3961D20FE97007C41AE /* PromptReader.swift in Sources */,
				49F046311D235E02005EE299 /* File.swift in Sources */,
				49A0F39A1D20FE97007C41AE /* RunResults.swift in Sources */,
				49A0F3911D20FE97007C41AE /* CommandExecutor.swift in Sources */,
				49A0F3981D20FE97007C41AE /* Runner.swift in Sources */,
				49A0F3881D20FE97007C41AE /* Args.swift in Sources */,
				49A0F38E1D20FE97007C41AE /* Choose.swift in Sources */,
				49EF1D2B1D2C8CF10068AC4F /* Version.swift in Sources */,
				49DDBDA91D22407B00CF32BA /* SharedFunctions.swift in Sources */,
				49A0F3941D20FE97007C41AE /* ProcessInfo.swift in Sources */,
				49DDBDAA1D22407B00CF32BA /* SharedDefinitions.swift in Sources */,
				49A0F3871D20FE97007C41AE /* ArgConvertible.swift in Sources */,
				49A0F3891D20FE97007C41AE /* ArgsParser.swift in Sources */,
			);
			runOnlyForDeploymentPostprocessing = 0;
		};
		49DDBD9B1D22403600CF32BA /* Sources */ = {
			isa = PBXSourcesBuildPhase;
			buildActionMask = 2147483647;
			files = (
				49EF1D3C1D2E0B920068AC4F /* NumericVersion.swift in Sources */,
				49EF1D3B1D2E0B920068AC4F /* SemanticVersion.swift in Sources */,
				49EF1D3A1D2E0B920068AC4F /* File.swift in Sources */,
				49DDBDA21D22403600CF32BA /* SemVerTests.swift in Sources */,
				49EF1D391D2E0B920068AC4F /* SharedDefinitions.swift in Sources */,
				49EF1D361D2E0B7D0068AC4F /* ErrorCodes.swift in Sources */,
				49EF1D3D1D2E0B920068AC4F /* Version.swift in Sources */,
				49EF1D381D2E0B920068AC4F /* SharedFunctions.swift in Sources */,
			);
			runOnlyForDeploymentPostprocessing = 0;
		};
/* End PBXSourcesBuildPhase section */

/* Begin PBXTargetDependency section */
		49DDBDA51D22403600CF32BA /* PBXTargetDependency */ = {
			isa = PBXTargetDependency;
			target = 49A0F2721D20D7F3007C41AE /* SemVer.app */;
			targetProxy = 49DDBDA41D22403600CF32BA /* PBXContainerItemProxy */;
		};
		49F0465F1D238231005EE299 /* PBXTargetDependency */ = {
			isa = PBXTargetDependency;
			target = 49A0F29B1D20D808007C41AE /* semver */;
			targetProxy = 49EF1D401D2E0EE10068AC4F /* PBXContainerItemProxy */;
		};
/* End PBXTargetDependency section */

/* Begin PBXVariantGroup section */
		49A0F2811D20D7F4007C41AE /* Main.storyboard */ = {
			isa = PBXVariantGroup;
			children = (
				49A0F2821D20D7F4007C41AE /* Base */,
			);
			name = Main.storyboard;
			sourceTree = "<group>";
		};
/* End PBXVariantGroup section */

/* Begin XCBuildConfiguration section */
		49A0F2901D20D7F4007C41AE /* Debug */ = {
			isa = XCBuildConfiguration;
			baseConfigurationReference = 49EF1D251D2601420068AC4F /* Project.xcconfig */;
			buildSettings = {
			};
			name = Debug;
		};
		49A0F2911D20D7F4007C41AE /* Release */ = {
			isa = XCBuildConfiguration;
			baseConfigurationReference = 49EF1D251D2601420068AC4F /* Project.xcconfig */;
			buildSettings = {
			};
			name = Release;
		};
		49A0F2931D20D7F4007C41AE /* Debug */ = {
			isa = XCBuildConfiguration;
			buildSettings = {
				ASSETCATALOG_COMPILER_APPICON_NAME = AppIcon;
				CLANG_ENABLE_MODULES = YES;
				COMBINE_HIDPI_IMAGES = YES;
				EMBEDDED_CONTENT_CONTAINS_SWIFT = YES;
				INFOPLIST_FILE = "SemVer-app/Info.plist";
				LD_RUNPATH_SEARCH_PATHS = "$(inherited) @executable_path/../Frameworks";
				PRODUCT_BUNDLE_IDENTIFIER = com.armcknight.SemVer;
				PRODUCT_NAME = SemVer;
				SWIFT_OBJC_BRIDGING_HEADER = "SemVer-app/SemVer.app-Bridging-Header.h";
				SWIFT_OPTIMIZATION_LEVEL = "-Onone";
			};
			name = Debug;
		};
		49A0F2941D20D7F4007C41AE /* Release */ = {
			isa = XCBuildConfiguration;
			buildSettings = {
				ASSETCATALOG_COMPILER_APPICON_NAME = AppIcon;
				CLANG_ENABLE_MODULES = YES;
				COMBINE_HIDPI_IMAGES = YES;
				EMBEDDED_CONTENT_CONTAINS_SWIFT = YES;
				INFOPLIST_FILE = "SemVer-app/Info.plist";
				LD_RUNPATH_SEARCH_PATHS = "$(inherited) @executable_path/../Frameworks";
				PRODUCT_BUNDLE_IDENTIFIER = com.armcknight.SemVer;
				PRODUCT_NAME = SemVer;
				SWIFT_OBJC_BRIDGING_HEADER = "SemVer-app/SemVer.app-Bridging-Header.h";
			};
			name = Release;
		};
		49A0F2A11D20D808007C41AE /* Debug */ = {
			isa = XCBuildConfiguration;
			baseConfigurationReference = 49EF1D281D2601EC0068AC4F /* semver.xcconfig */;
			buildSettings = {
			};
			name = Debug;
		};
		49A0F2A21D20D808007C41AE /* Release */ = {
			isa = XCBuildConfiguration;
			baseConfigurationReference = 49EF1D281D2601EC0068AC4F /* semver.xcconfig */;
			buildSettings = {
			};
			name = Release;
		};
		49DDBDA71D22403600CF32BA /* Debug */ = {
			isa = XCBuildConfiguration;
			buildSettings = {
				BUNDLE_LOADER = "$(TEST_HOST)";
				COMBINE_HIDPI_IMAGES = YES;
				INFOPLIST_FILE = SemVerTests/Info.plist;
				LD_RUNPATH_SEARCH_PATHS = "$(inherited) @executable_path/../Frameworks @loader_path/../Frameworks";
				PRODUCT_BUNDLE_IDENTIFIER = com.armcknight.SemVerTests;
				PRODUCT_NAME = "$(TARGET_NAME)";
				SWIFT_OPTIMIZATION_LEVEL = "-Onone";
				TEST_HOST = "$(BUILT_PRODUCTS_DIR)/SemVer.app/Contents/MacOS/SemVer";
			};
			name = Debug;
		};
		49DDBDA81D22403600CF32BA /* Release */ = {
			isa = XCBuildConfiguration;
			buildSettings = {
				BUNDLE_LOADER = "$(TEST_HOST)";
				COMBINE_HIDPI_IMAGES = YES;
				INFOPLIST_FILE = SemVerTests/Info.plist;
				LD_RUNPATH_SEARCH_PATHS = "$(inherited) @executable_path/../Frameworks @loader_path/../Frameworks";
				PRODUCT_BUNDLE_IDENTIFIER = com.armcknight.SemVerTests;
				PRODUCT_NAME = "$(TARGET_NAME)";
				TEST_HOST = "$(BUILT_PRODUCTS_DIR)/SemVer.app/Contents/MacOS/SemVer";
			};
			name = Release;
		};
		49F0465C1D238228005EE299 /* Debug */ = {
			isa = XCBuildConfiguration;
			buildSettings = {
				PRODUCT_NAME = "$(TARGET_NAME)";
			};
			name = Debug;
		};
		49F0465D1D238228005EE299 /* Release */ = {
			isa = XCBuildConfiguration;
			buildSettings = {
				PRODUCT_NAME = "$(TARGET_NAME)";
			};
			name = Release;
		};
/* End XCBuildConfiguration section */

/* Begin XCConfigurationList section */
		49A0F26E1D20D7F3007C41AE /* Build configuration list for PBXProject "SemVer" */ = {
			isa = XCConfigurationList;
			buildConfigurations = (
				49A0F2901D20D7F4007C41AE /* Debug */,
				49A0F2911D20D7F4007C41AE /* Release */,
			);
			defaultConfigurationIsVisible = 0;
			defaultConfigurationName = Release;
		};
		49A0F2921D20D7F4007C41AE /* Build configuration list for PBXNativeTarget "SemVer.app" */ = {
			isa = XCConfigurationList;
			buildConfigurations = (
				49A0F2931D20D7F4007C41AE /* Debug */,
				49A0F2941D20D7F4007C41AE /* Release */,
			);
			defaultConfigurationIsVisible = 0;
			defaultConfigurationName = Release;
		};
		49A0F2A01D20D808007C41AE /* Build configuration list for PBXNativeTarget "semver" */ = {
			isa = XCConfigurationList;
			buildConfigurations = (
				49A0F2A11D20D808007C41AE /* Debug */,
				49A0F2A21D20D808007C41AE /* Release */,
			);
			defaultConfigurationIsVisible = 0;
			defaultConfigurationName = Release;
		};
		49DDBDA61D22403600CF32BA /* Build configuration list for PBXNativeTarget "SemVerTests" */ = {
			isa = XCConfigurationList;
			buildConfigurations = (
				49DDBDA71D22403600CF32BA /* Debug */,
				49DDBDA81D22403600CF32BA /* Release */,
			);
			defaultConfigurationIsVisible = 0;
			defaultConfigurationName = Release;
		};
		49F0465B1D238228005EE299 /* Build configuration list for PBXAggregateTarget "SemVerIntegrations" */ = {
			isa = XCConfigurationList;
			buildConfigurations = (
				49F0465C1D238228005EE299 /* Debug */,
				49F0465D1D238228005EE299 /* Release */,
			);
			defaultConfigurationIsVisible = 0;
			defaultConfigurationName = Release;
		};
/* End XCConfigurationList section */
	};
	rootObject = 49A0F26B1D20D7F3007C41AE /* Project object */;
}
