// !$*UTF8*$!
{
	archiveVersion = 1;
	classes = {
	};
	objectVersion = 46;
	objects = {

/* Begin PBXAggregateTarget section */
		49F0465A1D238228005EE299 /* vrsnTests */ = {
			isa = PBXAggregateTarget;
			buildConfigurationList = 49F0465B1D238228005EE299 /* Build configuration list for PBXAggregateTarget "vrsnTests" */;
			buildPhases = (
				49F046601D238235005EE299 /* Run Tests */,
			);
			dependencies = (
				49F0465F1D238231005EE299 /* PBXTargetDependency */,
			);
			name = vrsnTests;
			productName = semverTests;
		};
/* End PBXAggregateTarget section */

/* Begin PBXBuildFile section */
		4903DB531E2466AA00533FB8 /* Arguments.swift in Sources */ = {isa = PBXBuildFile; fileRef = 4903DB521E2466AA00533FB8 /* Arguments.swift */; };
		49A0F29F1D20D808007C41AE /* main.swift in Sources */ = {isa = PBXBuildFile; fileRef = 49A0F29E1D20D808007C41AE /* main.swift */; };
		49A0F35A1D20DF56007C41AE /* Functions.swift in Sources */ = {isa = PBXBuildFile; fileRef = 49A0F3591D20DF56007C41AE /* Functions.swift */; };
		49A0F3601D20E48F007C41AE /* VrsnrVersions.m in Sources */ = {isa = PBXBuildFile; fileRef = 49A0F35F1D20E48F007C41AE /* VrsnrVersions.m */; };
		49A0F3631D20EE59007C41AE /* CLIDefinitions.swift in Sources */ = {isa = PBXBuildFile; fileRef = 49A0F3621D20EE59007C41AE /* CLIDefinitions.swift */; };
		49D0A9E121804FEC00DBB0F6 /* GemspecFile.swift in Sources */ = {isa = PBXBuildFile; fileRef = 49D0A9DF21804FE500DBB0F6 /* GemspecFile.swift */; };
		49DDBDAA1D22407B00CF32BA /* SharedDefinitions.swift in Sources */ = {isa = PBXBuildFile; fileRef = 49DDBD4D1D22233D00CF32BA /* SharedDefinitions.swift */; };
		49EF1D241D24AF7A0068AC4F /* NumericVersion.swift in Sources */ = {isa = PBXBuildFile; fileRef = 49EF1D221D24AF750068AC4F /* NumericVersion.swift */; };
		49EF1D2B1D2C8CF10068AC4F /* Version.swift in Sources */ = {isa = PBXBuildFile; fileRef = 49EF1D291D2C8B5A0068AC4F /* Version.swift */; };
		49EF1D371D2E0B8C0068AC4F /* ErrorCodes.swift in Sources */ = {isa = PBXBuildFile; fileRef = 49EF1D341D2E0B740068AC4F /* ErrorCodes.swift */; };
		49EF1D451D31B35D0068AC4F /* PlistFile.swift in Sources */ = {isa = PBXBuildFile; fileRef = 49EF1D411D3192900068AC4F /* PlistFile.swift */; };
		49EF1D461D31B35F0068AC4F /* XcconfigFile.swift in Sources */ = {isa = PBXBuildFile; fileRef = 49EF1D431D3192980068AC4F /* XcconfigFile.swift */; };
		49EF1D4D1D33170F0068AC4F /* PodspecFile.swift in Sources */ = {isa = PBXBuildFile; fileRef = 49EF1D4B1D33152B0068AC4F /* PodspecFile.swift */; };
		49F046311D235E02005EE299 /* File.swift in Sources */ = {isa = PBXBuildFile; fileRef = 49F0462F1D235DE3005EE299 /* File.swift */; };
		49F046341D235E3C005EE299 /* SemanticVersion.swift in Sources */ = {isa = PBXBuildFile; fileRef = 49F046321D235E30005EE299 /* SemanticVersion.swift */; };
/* End PBXBuildFile section */

/* Begin PBXContainerItemProxy section */
		49EF1D401D2E0EE10068AC4F /* PBXContainerItemProxy */ = {
			isa = PBXContainerItemProxy;
			containerPortal = 49A0F26B1D20D7F3007C41AE /* Project object */;
			proxyType = 1;
			remoteGlobalIDString = 49A0F29B1D20D808007C41AE;
			remoteInfo = semver;
		};
/* End PBXContainerItemProxy section */

/* Begin PBXFileReference section */
		4903DB521E2466AA00533FB8 /* Arguments.swift */ = {isa = PBXFileReference; fileEncoding = 4; lastKnownFileType = sourcecode.swift; path = Arguments.swift; sourceTree = "<group>"; };
		49A0F29C1D20D808007C41AE /* vrsn */ = {isa = PBXFileReference; explicitFileType = "compiled.mach-o.executable"; includeInIndex = 0; path = vrsn; sourceTree = BUILT_PRODUCTS_DIR; };
		49A0F29E1D20D808007C41AE /* main.swift */ = {isa = PBXFileReference; lastKnownFileType = sourcecode.swift; path = main.swift; sourceTree = "<group>"; };
		49A0F3591D20DF56007C41AE /* Functions.swift */ = {isa = PBXFileReference; fileEncoding = 4; lastKnownFileType = sourcecode.swift; path = Functions.swift; sourceTree = "<group>"; };
		49A0F35D1D20E48E007C41AE /* vrsn-Bridging-Header.h */ = {isa = PBXFileReference; lastKnownFileType = sourcecode.c.h; path = "vrsn-Bridging-Header.h"; sourceTree = "<group>"; };
		49A0F35E1D20E48F007C41AE /* VrsnrVersions.h */ = {isa = PBXFileReference; fileEncoding = 4; lastKnownFileType = sourcecode.c.h; path = VrsnrVersions.h; sourceTree = "<group>"; };
		49A0F35F1D20E48F007C41AE /* VrsnrVersions.m */ = {isa = PBXFileReference; fileEncoding = 4; lastKnownFileType = sourcecode.c.objc; path = VrsnrVersions.m; sourceTree = "<group>"; };
		49A0F3621D20EE59007C41AE /* CLIDefinitions.swift */ = {isa = PBXFileReference; fileEncoding = 4; lastKnownFileType = sourcecode.swift; path = CLIDefinitions.swift; sourceTree = "<group>"; };
		49D0A9DF21804FE500DBB0F6 /* GemspecFile.swift */ = {isa = PBXFileReference; lastKnownFileType = sourcecode.swift; path = GemspecFile.swift; sourceTree = "<group>"; };
		49D0A9E3218051CE00DBB0F6 /* Sample.gemspec */ = {isa = PBXFileReference; lastKnownFileType = text; path = Sample.gemspec; sourceTree = "<group>"; };
		49DA3415208A9480002DC24C /* Sample.podspec */ = {isa = PBXFileReference; lastKnownFileType = text; path = Sample.podspec; sourceTree = "<group>"; };
		49DDBD321D22213400CF32BA /* Sample.plist */ = {isa = PBXFileReference; fileEncoding = 4; lastKnownFileType = text.plist.xml; path = Sample.plist; sourceTree = "<group>"; };
		49DDBD331D22213400CF32BA /* Sample.xcconfig */ = {isa = PBXFileReference; fileEncoding = 4; lastKnownFileType = text.xcconfig; path = Sample.xcconfig; sourceTree = "<group>"; };
		49DDBD4D1D22233D00CF32BA /* SharedDefinitions.swift */ = {isa = PBXFileReference; fileEncoding = 4; lastKnownFileType = sourcecode.swift; name = SharedDefinitions.swift; path = Shared/SharedDefinitions.swift; sourceTree = "<group>"; };
		49EF1D221D24AF750068AC4F /* NumericVersion.swift */ = {isa = PBXFileReference; fileEncoding = 4; lastKnownFileType = sourcecode.swift; path = NumericVersion.swift; sourceTree = "<group>"; };
		49EF1D251D2601420068AC4F /* Project.xcconfig */ = {isa = PBXFileReference; lastKnownFileType = text.xcconfig; name = Project.xcconfig; path = Config/Project.xcconfig; sourceTree = "<group>"; };
		49EF1D261D2601C90068AC4F /* FABConfig */ = {isa = PBXFileReference; lastKnownFileType = folder; name = FABConfig; path = ../Vendor/FABConfig; sourceTree = "<group>"; };
		49EF1D281D2601EC0068AC4F /* vrsn.xcconfig */ = {isa = PBXFileReference; lastKnownFileType = text.xcconfig; name = vrsn.xcconfig; path = Config/vrsn.xcconfig; sourceTree = "<group>"; };
		49EF1D291D2C8B5A0068AC4F /* Version.swift */ = {isa = PBXFileReference; fileEncoding = 4; lastKnownFileType = sourcecode.swift; path = Version.swift; sourceTree = "<group>"; };
		49EF1D341D2E0B740068AC4F /* ErrorCodes.swift */ = {isa = PBXFileReference; fileEncoding = 4; lastKnownFileType = sourcecode.swift; name = ErrorCodes.swift; path = Shared/ErrorCodes.swift; sourceTree = "<group>"; };
		49EF1D411D3192900068AC4F /* PlistFile.swift */ = {isa = PBXFileReference; fileEncoding = 4; lastKnownFileType = sourcecode.swift; path = PlistFile.swift; sourceTree = "<group>"; };
		49EF1D431D3192980068AC4F /* XcconfigFile.swift */ = {isa = PBXFileReference; fileEncoding = 4; lastKnownFileType = sourcecode.swift; path = XcconfigFile.swift; sourceTree = "<group>"; };
		49EF1D4B1D33152B0068AC4F /* PodspecFile.swift */ = {isa = PBXFileReference; fileEncoding = 4; lastKnownFileType = sourcecode.swift; path = PodspecFile.swift; sourceTree = "<group>"; };
		49F0462F1D235DE3005EE299 /* File.swift */ = {isa = PBXFileReference; fileEncoding = 4; lastKnownFileType = sourcecode.swift; path = File.swift; sourceTree = "<group>"; };
		49F046321D235E30005EE299 /* SemanticVersion.swift */ = {isa = PBXFileReference; fileEncoding = 4; lastKnownFileType = sourcecode.swift; path = SemanticVersion.swift; sourceTree = "<group>"; };
		49F046611D238253005EE299 /* vrsnTests.sh */ = {isa = PBXFileReference; lastKnownFileType = text.script.sh; path = vrsnTests.sh; sourceTree = "<group>"; };
/* End PBXFileReference section */

/* Begin PBXFrameworksBuildPhase section */
		49A0F2991D20D808007C41AE /* Frameworks */ = {
			isa = PBXFrameworksBuildPhase;
			buildActionMask = 2147483647;
			files = (
			);
			runOnlyForDeploymentPostprocessing = 0;
		};
/* End PBXFrameworksBuildPhase section */

/* Begin PBXGroup section */
		49A0F26A1D20D7F3007C41AE = {
			isa = PBXGroup;
			children = (
				49EF1D271D2601CE0068AC4F /* Config */,
				49A0F2741D20D7F3007C41AE /* Products */,
				49A0F3611D20E9F2007C41AE /* Shared */,
				49A0F29D1D20D808007C41AE /* vrsn */,
				49F046621D2382D1005EE299 /* vrsnTests */,
			);
			sourceTree = "<group>";
		};
		49A0F2741D20D7F3007C41AE /* Products */ = {
			isa = PBXGroup;
			children = (
				49A0F29C1D20D808007C41AE /* vrsn */,
			);
			name = Products;
			sourceTree = "<group>";
		};
		49A0F29D1D20D808007C41AE /* vrsn */ = {
			isa = PBXGroup;
			children = (
				4903DB521E2466AA00533FB8 /* Arguments.swift */,
				49A0F3621D20EE59007C41AE /* CLIDefinitions.swift */,
				49A0F3591D20DF56007C41AE /* Functions.swift */,
				49A0F29E1D20D808007C41AE /* main.swift */,
				49A0F35D1D20E48E007C41AE /* vrsn-Bridging-Header.h */,
				49A0F35E1D20E48F007C41AE /* VrsnrVersions.h */,
				49A0F35F1D20E48F007C41AE /* VrsnrVersions.m */,
			);
			path = vrsn;
			sourceTree = "<group>";
		};
		49A0F3611D20E9F2007C41AE /* Shared */ = {
			isa = PBXGroup;
			children = (
				49EF1D341D2E0B740068AC4F /* ErrorCodes.swift */,
				49DDBD4D1D22233D00CF32BA /* SharedDefinitions.swift */,
				49D0A9DD21804FA100DBB0F6 /* File Types */,
				49D0A9DE21804FAC00DBB0F6 /* Version Types */,
			);
			name = Shared;
			sourceTree = "<group>";
		};
		49D0A9DD21804FA100DBB0F6 /* File Types */ = {
			isa = PBXGroup;
			children = (
				49F0462F1D235DE3005EE299 /* File.swift */,
				49D0A9DF21804FE500DBB0F6 /* GemspecFile.swift */,
				49EF1D411D3192900068AC4F /* PlistFile.swift */,
				49EF1D4B1D33152B0068AC4F /* PodspecFile.swift */,
				49EF1D431D3192980068AC4F /* XcconfigFile.swift */,
			);
			path = "File Types";
			sourceTree = "<group>";
		};
		49D0A9DE21804FAC00DBB0F6 /* Version Types */ = {
			isa = PBXGroup;
			children = (
				49EF1D221D24AF750068AC4F /* NumericVersion.swift */,
				49F046321D235E30005EE299 /* SemanticVersion.swift */,
				49EF1D291D2C8B5A0068AC4F /* Version.swift */,
			);
			path = "Version Types";
			sourceTree = "<group>";
		};
		49DDBD211D22213400CF32BA /* Fixtures */ = {
			isa = PBXGroup;
			children = (
				49DDBD321D22213400CF32BA /* Sample.plist */,
				49DA3415208A9480002DC24C /* Sample.podspec */,
				49DDBD331D22213400CF32BA /* Sample.xcconfig */,
				49D0A9E3218051CE00DBB0F6 /* Sample.gemspec */,
			);
			path = Fixtures;
			sourceTree = "<group>";
		};
		49EF1D271D2601CE0068AC4F /* Config */ = {
			isa = PBXGroup;
			children = (
				49EF1D261D2601C90068AC4F /* FABConfig */,
				49EF1D251D2601420068AC4F /* Project.xcconfig */,
				49EF1D281D2601EC0068AC4F /* vrsn.xcconfig */,
			);
			name = Config;
			sourceTree = "<group>";
		};
		49F046621D2382D1005EE299 /* vrsnTests */ = {
			isa = PBXGroup;
			children = (
				49DDBD211D22213400CF32BA /* Fixtures */,
				49F046611D238253005EE299 /* vrsnTests.sh */,
			);
			path = vrsnTests;
			sourceTree = "<group>";
		};
/* End PBXGroup section */

/* Begin PBXNativeTarget section */
		49A0F29B1D20D808007C41AE /* vrsn */ = {
			isa = PBXNativeTarget;
			buildConfigurationList = 49A0F2A01D20D808007C41AE /* Build configuration list for PBXNativeTarget "vrsn" */;
			buildPhases = (
				49A0F2981D20D808007C41AE /* Sources */,
				49A0F2991D20D808007C41AE /* Frameworks */,
			);
			buildRules = (
			);
			dependencies = (
			);
			name = vrsn;
			productName = VersionrCLI;
			productReference = 49A0F29C1D20D808007C41AE /* vrsn */;
			productType = "com.apple.product-type.tool";
		};
/* End PBXNativeTarget section */

/* Begin PBXProject section */
		49A0F26B1D20D7F3007C41AE /* Project object */ = {
			isa = PBXProject;
			attributes = {
				LastSwiftUpdateCheck = 0730;
				LastUpgradeCheck = 1200;
				ORGANIZATIONNAME = "Two Ring Software";
				TargetAttributes = {
					49A0F29B1D20D808007C41AE = {
						CreatedOnToolsVersion = 7.3.1;
						LastSwiftMigration = 1150;
					};
					49F0465A1D238228005EE299 = {
						CreatedOnToolsVersion = 7.3.1;
					};
				};
			};
			buildConfigurationList = 49A0F26E1D20D7F3007C41AE /* Build configuration list for PBXProject "Vrsnr" */;
			compatibilityVersion = "Xcode 3.2";
			developmentRegion = English;
			hasScannedForEncodings = 0;
			knownRegions = (
				English,
				en,
				Base,
			);
			mainGroup = 49A0F26A1D20D7F3007C41AE;
			productRefGroup = 49A0F2741D20D7F3007C41AE /* Products */;
			projectDirPath = "";
			projectRoot = "";
			targets = (
				49A0F29B1D20D808007C41AE /* vrsn */,
				49F0465A1D238228005EE299 /* vrsnTests */,
			);
		};
/* End PBXProject section */

/* Begin PBXShellScriptBuildPhase section */
		49F046601D238235005EE299 /* Run Tests */ = {
			isa = PBXShellScriptBuildPhase;
			buildActionMask = 2147483647;
			files = (
			);
			inputPaths = (
			);
			name = "Run Tests";
			outputPaths = (
			);
			runOnlyForDeploymentPostprocessing = 0;
			shellPath = "/bin/sh vrsnTests/vrsnTests.sh \"${BUILT_PRODUCTS_DIR}\"";
			shellScript = "";
		};
/* End PBXShellScriptBuildPhase section */

/* Begin PBXSourcesBuildPhase section */
		49A0F2981D20D808007C41AE /* Sources */ = {
			isa = PBXSourcesBuildPhase;
			buildActionMask = 2147483647;
			files = (
				49EF1D461D31B35F0068AC4F /* XcconfigFile.swift in Sources */,
				49A0F3601D20E48F007C41AE /* VrsnrVersions.m in Sources */,
				49EF1D4D1D33170F0068AC4F /* PodspecFile.swift in Sources */,
				49EF1D371D2E0B8C0068AC4F /* ErrorCodes.swift in Sources */,
				49EF1D241D24AF7A0068AC4F /* NumericVersion.swift in Sources */,
				49F046341D235E3C005EE299 /* SemanticVersion.swift in Sources */,
				49A0F29F1D20D808007C41AE /* main.swift in Sources */,
				49A0F35A1D20DF56007C41AE /* Functions.swift in Sources */,
				49A0F3631D20EE59007C41AE /* CLIDefinitions.swift in Sources */,
				49F046311D235E02005EE299 /* File.swift in Sources */,
				4903DB531E2466AA00533FB8 /* Arguments.swift in Sources */,
				49EF1D2B1D2C8CF10068AC4F /* Version.swift in Sources */,
				49D0A9E121804FEC00DBB0F6 /* GemspecFile.swift in Sources */,
				49DDBDAA1D22407B00CF32BA /* SharedDefinitions.swift in Sources */,
				49EF1D451D31B35D0068AC4F /* PlistFile.swift in Sources */,
			);
			runOnlyForDeploymentPostprocessing = 0;
		};
/* End PBXSourcesBuildPhase section */

/* Begin PBXTargetDependency section */
		49F0465F1D238231005EE299 /* PBXTargetDependency */ = {
			isa = PBXTargetDependency;
			target = 49A0F29B1D20D808007C41AE /* vrsn */;
			targetProxy = 49EF1D401D2E0EE10068AC4F /* PBXContainerItemProxy */;
		};
/* End PBXTargetDependency section */

/* Begin XCBuildConfiguration section */
		49A0F2901D20D7F4007C41AE /* Debug */ = {
			isa = XCBuildConfiguration;
			baseConfigurationReference = 49EF1D251D2601420068AC4F /* Project.xcconfig */;
			buildSettings = {
				CLANG_ANALYZER_LOCALIZABILITY_NONLOCALIZED = YES;
				CLANG_WARN_BLOCK_CAPTURE_AUTORELEASING = YES;
				CLANG_WARN_BOOL_CONVERSION = YES;
				CLANG_WARN_COMMA = YES;
				CLANG_WARN_CONSTANT_CONVERSION = YES;
				CLANG_WARN_DEPRECATED_OBJC_IMPLEMENTATIONS = YES;
				CLANG_WARN_EMPTY_BODY = YES;
				CLANG_WARN_ENUM_CONVERSION = YES;
				CLANG_WARN_INFINITE_RECURSION = YES;
				CLANG_WARN_INT_CONVERSION = YES;
				CLANG_WARN_NON_LITERAL_NULL_CONVERSION = YES;
				CLANG_WARN_OBJC_IMPLICIT_RETAIN_SELF = YES;
				CLANG_WARN_OBJC_LITERAL_CONVERSION = YES;
				CLANG_WARN_QUOTED_INCLUDE_IN_FRAMEWORK_HEADER = YES;
				CLANG_WARN_RANGE_LOOP_ANALYSIS = YES;
				CLANG_WARN_STRICT_PROTOTYPES = YES;
				CLANG_WARN_SUSPICIOUS_MOVE = YES;
				CLANG_WARN_UNREACHABLE_CODE = YES;
				CLANG_WARN__DUPLICATE_METHOD_MATCH = YES;
				ENABLE_STRICT_OBJC_MSGSEND = YES;
				ENABLE_TESTABILITY = YES;
				GCC_NO_COMMON_BLOCKS = YES;
				GCC_WARN_64_TO_32_BIT_CONVERSION = YES;
				GCC_WARN_ABOUT_RETURN_TYPE = YES;
				GCC_WARN_UNDECLARED_SELECTOR = YES;
				GCC_WARN_UNINITIALIZED_AUTOS = YES;
				GCC_WARN_UNUSED_FUNCTION = YES;
				GCC_WARN_UNUSED_VARIABLE = YES;
				ONLY_ACTIVE_ARCH = YES;
				SWIFT_VERSION = 4.2;
			};
			name = Debug;
		};
		49A0F2911D20D7F4007C41AE /* Release */ = {
			isa = XCBuildConfiguration;
			baseConfigurationReference = 49EF1D251D2601420068AC4F /* Project.xcconfig */;
			buildSettings = {
				CLANG_ANALYZER_LOCALIZABILITY_NONLOCALIZED = YES;
				CLANG_WARN_BLOCK_CAPTURE_AUTORELEASING = YES;
				CLANG_WARN_BOOL_CONVERSION = YES;
				CLANG_WARN_COMMA = YES;
				CLANG_WARN_CONSTANT_CONVERSION = YES;
				CLANG_WARN_DEPRECATED_OBJC_IMPLEMENTATIONS = YES;
				CLANG_WARN_EMPTY_BODY = YES;
				CLANG_WARN_ENUM_CONVERSION = YES;
				CLANG_WARN_INFINITE_RECURSION = YES;
				CLANG_WARN_INT_CONVERSION = YES;
				CLANG_WARN_NON_LITERAL_NULL_CONVERSION = YES;
				CLANG_WARN_OBJC_IMPLICIT_RETAIN_SELF = YES;
				CLANG_WARN_OBJC_LITERAL_CONVERSION = YES;
				CLANG_WARN_QUOTED_INCLUDE_IN_FRAMEWORK_HEADER = YES;
				CLANG_WARN_RANGE_LOOP_ANALYSIS = YES;
				CLANG_WARN_STRICT_PROTOTYPES = YES;
				CLANG_WARN_SUSPICIOUS_MOVE = YES;
				CLANG_WARN_UNREACHABLE_CODE = YES;
				CLANG_WARN__DUPLICATE_METHOD_MATCH = YES;
				ENABLE_STRICT_OBJC_MSGSEND = YES;
				GCC_NO_COMMON_BLOCKS = YES;
				GCC_WARN_64_TO_32_BIT_CONVERSION = YES;
				GCC_WARN_ABOUT_RETURN_TYPE = YES;
				GCC_WARN_UNDECLARED_SELECTOR = YES;
				GCC_WARN_UNINITIALIZED_AUTOS = YES;
				GCC_WARN_UNUSED_FUNCTION = YES;
				GCC_WARN_UNUSED_VARIABLE = YES;
				SWIFT_COMPILATION_MODE = wholemodule;
				SWIFT_VERSION = 4.2;
			};
			name = Release;
		};
		49A0F2A11D20D808007C41AE /* Debug */ = {
			isa = XCBuildConfiguration;
			baseConfigurationReference = 49EF1D281D2601EC0068AC4F /* vrsn.xcconfig */;
			buildSettings = {
				SWIFT_SWIFT3_OBJC_INFERENCE = Default;
				SWIFT_VERSION = 5.0;
			};
			name = Debug;
		};
		49A0F2A21D20D808007C41AE /* Release */ = {
			isa = XCBuildConfiguration;
			baseConfigurationReference = 49EF1D281D2601EC0068AC4F /* vrsn.xcconfig */;
			buildSettings = {
				SWIFT_SWIFT3_OBJC_INFERENCE = Default;
				SWIFT_VERSION = 5.0;
			};
			name = Release;
		};
		49F0465C1D238228005EE299 /* Debug */ = {
			isa = XCBuildConfiguration;
			buildSettings = {
				CLANG_ENABLE_OBJC_WEAK = YES;
				PRODUCT_NAME = "$(TARGET_NAME)";
			};
			name = Debug;
		};
		49F0465D1D238228005EE299 /* Release */ = {
			isa = XCBuildConfiguration;
			buildSettings = {
				CLANG_ENABLE_OBJC_WEAK = YES;
				PRODUCT_NAME = "$(TARGET_NAME)";
			};
			name = Release;
		};
/* End XCBuildConfiguration section */

/* Begin XCConfigurationList section */
		49A0F26E1D20D7F3007C41AE /* Build configuration list for PBXProject "Vrsnr" */ = {
			isa = XCConfigurationList;
			buildConfigurations = (
				49A0F2901D20D7F4007C41AE /* Debug */,
				49A0F2911D20D7F4007C41AE /* Release */,
			);
			defaultConfigurationIsVisible = 0;
			defaultConfigurationName = Release;
		};
		49A0F2A01D20D808007C41AE /* Build configuration list for PBXNativeTarget "vrsn" */ = {
			isa = XCConfigurationList;
			buildConfigurations = (
				49A0F2A11D20D808007C41AE /* Debug */,
				49A0F2A21D20D808007C41AE /* Release */,
			);
			defaultConfigurationIsVisible = 0;
			defaultConfigurationName = Release;
		};
		49F0465B1D238228005EE299 /* Build configuration list for PBXAggregateTarget "vrsnTests" */ = {
			isa = XCConfigurationList;
			buildConfigurations = (
				49F0465C1D238228005EE299 /* Debug */,
				49F0465D1D238228005EE299 /* Release */,
			);
			defaultConfigurationIsVisible = 0;
			defaultConfigurationName = Release;
		};
/* End XCConfigurationList section */
	};
	rootObject = 49A0F26B1D20D7F3007C41AE /* Project object */;
}
